// !$*UTF8*$!
{
	archiveVersion = 1;
	classes = {
	};
	objectVersion = 46;
	objects = {

/* Begin PBXBuildFile section */
		04BD86FE1800695500485329 /* Foundation.framework in Frameworks */ = {isa = PBXBuildFile; fileRef = 04BD86FD1800695500485329 /* Foundation.framework */; };
		04BD87001800695500485329 /* CoreGraphics.framework in Frameworks */ = {isa = PBXBuildFile; fileRef = 04BD86FF1800695500485329 /* CoreGraphics.framework */; };
		04BD87021800695500485329 /* UIKit.framework in Frameworks */ = {isa = PBXBuildFile; fileRef = 04BD87011800695500485329 /* UIKit.framework */; };
		04BD87081800695500485329 /* InfoPlist.strings in Resources */ = {isa = PBXBuildFile; fileRef = 04BD87061800695500485329 /* InfoPlist.strings */; };
		04BD870A1800695500485329 /* main.m in Sources */ = {isa = PBXBuildFile; fileRef = 04BD87091800695500485329 /* main.m */; };
		04BD870E1800695500485329 /* BJLAppDelegate.m in Sources */ = {isa = PBXBuildFile; fileRef = 04BD870D1800695500485329 /* BJLAppDelegate.m */; };
		04BD87111800695500485329 /* Main_iPhone.storyboard in Resources */ = {isa = PBXBuildFile; fileRef = 04BD870F1800695500485329 /* Main_iPhone.storyboard */; };
		04BD87171800695500485329 /* BJLViewController.m in Sources */ = {isa = PBXBuildFile; fileRef = 04BD87161800695500485329 /* BJLViewController.m */; };
		04BD87191800695500485329 /* Images.xcassets in Resources */ = {isa = PBXBuildFile; fileRef = 04BD87181800695500485329 /* Images.xcassets */; };
		04BD87201800695500485329 /* XCTest.framework in Frameworks */ = {isa = PBXBuildFile; fileRef = 04BD871F1800695500485329 /* XCTest.framework */; };
		04BD87211800695500485329 /* Foundation.framework in Frameworks */ = {isa = PBXBuildFile; fileRef = 04BD86FD1800695500485329 /* Foundation.framework */; };
		04BD87221800695500485329 /* UIKit.framework in Frameworks */ = {isa = PBXBuildFile; fileRef = 04BD87011800695500485329 /* UIKit.framework */; };
		04BD872A1800695500485329 /* InfoPlist.strings in Resources */ = {isa = PBXBuildFile; fileRef = 04BD87281800695500485329 /* InfoPlist.strings */; };
		04BD872C1800695500485329 /* BackgroundFetchTests.m in Sources */ = {isa = PBXBuildFile; fileRef = 04BD872B1800695500485329 /* BackgroundFetchTests.m */; };
		04BD873718007B5100485329 /* BJLAlbumCell.m in Sources */ = {isa = PBXBuildFile; fileRef = 04BD873618007B5100485329 /* BJLAlbumCell.m */; };
		04BD873D1800AB8300485329 /* BJLAlbum.m in Sources */ = {isa = PBXBuildFile; fileRef = 04BD873C1800AB8300485329 /* BJLAlbum.m */; };
		04BD87401800AC0E00485329 /* BJLAlbumStore.m in Sources */ = {isa = PBXBuildFile; fileRef = 04BD873F1800AC0E00485329 /* BJLAlbumStore.m */; };
/* End PBXBuildFile section */

/* Begin PBXContainerItemProxy section */
		04BD87231800695500485329 /* PBXContainerItemProxy */ = {
			isa = PBXContainerItemProxy;
			containerPortal = 04BD86F21800695500485329 /* Project object */;
			proxyType = 1;
			remoteGlobalIDString = 04BD86F91800695500485329;
			remoteInfo = BackgroundFetch;
		};
/* End PBXContainerItemProxy section */

/* Begin PBXFileReference section */
		04BD86FA1800695500485329 /* BackgroundFetch.app */ = {isa = PBXFileReference; explicitFileType = wrapper.application; includeInIndex = 0; path = BackgroundFetch.app; sourceTree = BUILT_PRODUCTS_DIR; };
		04BD86FD1800695500485329 /* Foundation.framework */ = {isa = PBXFileReference; lastKnownFileType = wrapper.framework; name = Foundation.framework; path = System/Library/Frameworks/Foundation.framework; sourceTree = SDKROOT; };
		04BD86FF1800695500485329 /* CoreGraphics.framework */ = {isa = PBXFileReference; lastKnownFileType = wrapper.framework; name = CoreGraphics.framework; path = System/Library/Frameworks/CoreGraphics.framework; sourceTree = SDKROOT; };
		04BD87011800695500485329 /* UIKit.framework */ = {isa = PBXFileReference; lastKnownFileType = wrapper.framework; name = UIKit.framework; path = System/Library/Frameworks/UIKit.framework; sourceTree = SDKROOT; };
		04BD87051800695500485329 /* BackgroundFetch-Info.plist */ = {isa = PBXFileReference; lastKnownFileType = text.plist.xml; path = "BackgroundFetch-Info.plist"; sourceTree = "<group>"; };
		04BD87071800695500485329 /* en */ = {isa = PBXFileReference; lastKnownFileType = text.plist.strings; name = en; path = en.lproj/InfoPlist.strings; sourceTree = "<group>"; };
		04BD87091800695500485329 /* main.m */ = {isa = PBXFileReference; lastKnownFileType = sourcecode.c.objc; path = main.m; sourceTree = "<group>"; };
		04BD870B1800695500485329 /* BackgroundFetch-Prefix.pch */ = {isa = PBXFileReference; lastKnownFileType = sourcecode.c.h; path = "BackgroundFetch-Prefix.pch"; sourceTree = "<group>"; };
		04BD870C1800695500485329 /* BJLAppDelegate.h */ = {isa = PBXFileReference; lastKnownFileType = sourcecode.c.h; path = BJLAppDelegate.h; sourceTree = "<group>"; };
		04BD870D1800695500485329 /* BJLAppDelegate.m */ = {isa = PBXFileReference; lastKnownFileType = sourcecode.c.objc; path = BJLAppDelegate.m; sourceTree = "<group>"; };
		04BD87101800695500485329 /* Base */ = {isa = PBXFileReference; lastKnownFileType = file.storyboard; name = Base; path = Base.lproj/Main_iPhone.storyboard; sourceTree = "<group>"; };
		04BD87151800695500485329 /* BJLViewController.h */ = {isa = PBXFileReference; lastKnownFileType = sourcecode.c.h; path = BJLViewController.h; sourceTree = "<group>"; };
		04BD87161800695500485329 /* BJLViewController.m */ = {isa = PBXFileReference; lastKnownFileType = sourcecode.c.objc; path = BJLViewController.m; sourceTree = "<group>"; };
		04BD87181800695500485329 /* Images.xcassets */ = {isa = PBXFileReference; lastKnownFileType = folder.assetcatalog; path = Images.xcassets; sourceTree = "<group>"; };
		04BD871E1800695500485329 /* BackgroundFetchTests.xctest */ = {isa = PBXFileReference; explicitFileType = wrapper.cfbundle; includeInIndex = 0; path = BackgroundFetchTests.xctest; sourceTree = BUILT_PRODUCTS_DIR; };
		04BD871F1800695500485329 /* XCTest.framework */ = {isa = PBXFileReference; lastKnownFileType = wrapper.framework; name = XCTest.framework; path = Library/Frameworks/XCTest.framework; sourceTree = DEVELOPER_DIR; };
		04BD87271800695500485329 /* BackgroundFetchTests-Info.plist */ = {isa = PBXFileReference; lastKnownFileType = text.plist.xml; path = "BackgroundFetchTests-Info.plist"; sourceTree = "<group>"; };
		04BD87291800695500485329 /* en */ = {isa = PBXFileReference; lastKnownFileType = text.plist.strings; name = en; path = en.lproj/InfoPlist.strings; sourceTree = "<group>"; };
		04BD872B1800695500485329 /* BackgroundFetchTests.m */ = {isa = PBXFileReference; lastKnownFileType = sourcecode.c.objc; path = BackgroundFetchTests.m; sourceTree = "<group>"; };
		04BD873518007B5100485329 /* BJLAlbumCell.h */ = {isa = PBXFileReference; fileEncoding = 4; lastKnownFileType = sourcecode.c.h; path = BJLAlbumCell.h; sourceTree = "<group>"; };
		04BD873618007B5100485329 /* BJLAlbumCell.m */ = {isa = PBXFileReference; fileEncoding = 4; lastKnownFileType = sourcecode.c.objc; path = BJLAlbumCell.m; sourceTree = "<group>"; };
		04BD873B1800AB8200485329 /* BJLAlbum.h */ = {isa = PBXFileReference; fileEncoding = 4; lastKnownFileType = sourcecode.c.h; path = BJLAlbum.h; sourceTree = "<group>"; };
		04BD873C1800AB8300485329 /* BJLAlbum.m */ = {isa = PBXFileReference; fileEncoding = 4; lastKnownFileType = sourcecode.c.objc; path = BJLAlbum.m; sourceTree = "<group>"; };
		04BD873E1800AC0E00485329 /* BJLAlbumStore.h */ = {isa = PBXFileReference; fileEncoding = 4; lastKnownFileType = sourcecode.c.h; path = BJLAlbumStore.h; sourceTree = "<group>"; };
		04BD873F1800AC0E00485329 /* BJLAlbumStore.m */ = {isa = PBXFileReference; fileEncoding = 4; lastKnownFileType = sourcecode.c.objc; path = BJLAlbumStore.m; sourceTree = "<group>"; };
/* End PBXFileReference section */

/* Begin PBXFrameworksBuildPhase section */
		04BD86F71800695500485329 /* Frameworks */ = {
			isa = PBXFrameworksBuildPhase;
			buildActionMask = 2147483647;
			files = (
				04BD87001800695500485329 /* CoreGraphics.framework in Frameworks */,
				04BD87021800695500485329 /* UIKit.framework in Frameworks */,
				04BD86FE1800695500485329 /* Foundation.framework in Frameworks */,
			);
			runOnlyForDeploymentPostprocessing = 0;
		};
		04BD871B1800695500485329 /* Frameworks */ = {
			isa = PBXFrameworksBuildPhase;
			buildActionMask = 2147483647;
			files = (
				04BD87201800695500485329 /* XCTest.framework in Frameworks */,
				04BD87221800695500485329 /* UIKit.framework in Frameworks */,
				04BD87211800695500485329 /* Foundation.framework in Frameworks */,
			);
			runOnlyForDeploymentPostprocessing = 0;
		};
/* End PBXFrameworksBuildPhase section */

/* Begin PBXGroup section */
		04BD86F11800695500485329 = {
			isa = PBXGroup;
			children = (
				04BD87031800695500485329 /* BackgroundFetch */,
				04BD87251800695500485329 /* BackgroundFetchTests */,
				04BD86FC1800695500485329 /* Frameworks */,
				04BD86FB1800695500485329 /* Products */,
			);
			sourceTree = "<group>";
		};
		04BD86FB1800695500485329 /* Products */ = {
			isa = PBXGroup;
			children = (
				04BD86FA1800695500485329 /* BackgroundFetch.app */,
				04BD871E1800695500485329 /* BackgroundFetchTests.xctest */,
			);
			name = Products;
			sourceTree = "<group>";
		};
		04BD86FC1800695500485329 /* Frameworks */ = {
			isa = PBXGroup;
			children = (
				04BD86FD1800695500485329 /* Foundation.framework */,
				04BD86FF1800695500485329 /* CoreGraphics.framework */,
				04BD87011800695500485329 /* UIKit.framework */,
				04BD871F1800695500485329 /* XCTest.framework */,
			);
			name = Frameworks;
			sourceTree = "<group>";
		};
		04BD87031800695500485329 /* BackgroundFetch */ = {
			isa = PBXGroup;
			children = (
				04BD870C1800695500485329 /* BJLAppDelegate.h */,
				04BD870D1800695500485329 /* BJLAppDelegate.m */,
				04BD873B1800AB8200485329 /* BJLAlbum.h */,
				04BD873C1800AB8300485329 /* BJLAlbum.m */,
				04BD870F1800695500485329 /* Main_iPhone.storyboard */,
				04BD873518007B5100485329 /* BJLAlbumCell.h */,
				04BD873618007B5100485329 /* BJLAlbumCell.m */,
				04BD87151800695500485329 /* BJLViewController.h */,
				04BD87161800695500485329 /* BJLViewController.m */,
				04BD873E1800AC0E00485329 /* BJLAlbumStore.h */,
				04BD873F1800AC0E00485329 /* BJLAlbumStore.m */,
				04BD87181800695500485329 /* Images.xcassets */,
				04BD87041800695500485329 /* Supporting Files */,
			);
			path = BackgroundFetch;
			sourceTree = "<group>";
		};
		04BD87041800695500485329 /* Supporting Files */ = {
			isa = PBXGroup;
			children = (
				04BD87051800695500485329 /* BackgroundFetch-Info.plist */,
				04BD87061800695500485329 /* InfoPlist.strings */,
				04BD87091800695500485329 /* main.m */,
				04BD870B1800695500485329 /* BackgroundFetch-Prefix.pch */,
			);
			name = "Supporting Files";
			sourceTree = "<group>";
		};
		04BD87251800695500485329 /* BackgroundFetchTests */ = {
			isa = PBXGroup;
			children = (
				04BD872B1800695500485329 /* BackgroundFetchTests.m */,
				04BD87261800695500485329 /* Supporting Files */,
			);
			path = BackgroundFetchTests;
			sourceTree = "<group>";
		};
		04BD87261800695500485329 /* Supporting Files */ = {
			isa = PBXGroup;
			children = (
				04BD87271800695500485329 /* BackgroundFetchTests-Info.plist */,
				04BD87281800695500485329 /* InfoPlist.strings */,
			);
			name = "Supporting Files";
			sourceTree = "<group>";
		};
/* End PBXGroup section */

/* Begin PBXNativeTarget section */
		04BD86F91800695500485329 /* BackgroundFetch */ = {
			isa = PBXNativeTarget;
			buildConfigurationList = 04BD872F1800695500485329 /* Build configuration list for PBXNativeTarget "BackgroundFetch" */;
			buildPhases = (
				04BD86F61800695500485329 /* Sources */,
				04BD86F71800695500485329 /* Frameworks */,
				04BD86F81800695500485329 /* Resources */,
			);
			buildRules = (
			);
			dependencies = (
			);
			name = BackgroundFetch;
			productName = BackgroundFetch;
			productReference = 04BD86FA1800695500485329 /* BackgroundFetch.app */;
			productType = "com.apple.product-type.application";
		};
		04BD871D1800695500485329 /* BackgroundFetchTests */ = {
			isa = PBXNativeTarget;
			buildConfigurationList = 04BD87321800695500485329 /* Build configuration list for PBXNativeTarget "BackgroundFetchTests" */;
			buildPhases = (
				04BD871A1800695500485329 /* Sources */,
				04BD871B1800695500485329 /* Frameworks */,
				04BD871C1800695500485329 /* Resources */,
			);
			buildRules = (
			);
			dependencies = (
				04BD87241800695500485329 /* PBXTargetDependency */,
			);
			name = BackgroundFetchTests;
			productName = BackgroundFetchTests;
			productReference = 04BD871E1800695500485329 /* BackgroundFetchTests.xctest */;
			productType = "com.apple.product-type.bundle.unit-test";
		};
/* End PBXNativeTarget section */

/* Begin PBXProject section */
		04BD86F21800695500485329 /* Project object */ = {
			isa = PBXProject;
			attributes = {
				CLASSPREFIX = BJL;
				LastUpgradeCheck = 0500;
				ORGANIZATIONNAME = "Bryan Luby";
				TargetAttributes = {
					04BD86F91800695500485329 = {
						SystemCapabilities = {
							com.apple.BackgroundModes = {
								enabled = 1;
							};
						};
					};
					04BD871D1800695500485329 = {
						TestTargetID = 04BD86F91800695500485329;
					};
				};
			};
			buildConfigurationList = 04BD86F51800695500485329 /* Build configuration list for PBXProject "BackgroundFetch" */;
			compatibilityVersion = "Xcode 3.2";
			developmentRegion = English;
			hasScannedForEncodings = 0;
			knownRegions = (
				en,
				Base,
			);
			mainGroup = 04BD86F11800695500485329;
			productRefGroup = 04BD86FB1800695500485329 /* Products */;
			projectDirPath = "";
			projectRoot = "";
			targets = (
				04BD86F91800695500485329 /* BackgroundFetch */,
				04BD871D1800695500485329 /* BackgroundFetchTests */,
			);
		};
/* End PBXProject section */

/* Begin PBXResourcesBuildPhase section */
		04BD86F81800695500485329 /* Resources */ = {
			isa = PBXResourcesBuildPhase;
			buildActionMask = 2147483647;
			files = (
				04BD87191800695500485329 /* Images.xcassets in Resources */,
				04BD87111800695500485329 /* Main_iPhone.storyboard in Resources */,
				04BD87081800695500485329 /* InfoPlist.strings in Resources */,
			);
			runOnlyForDeploymentPostprocessing = 0;
		};
		04BD871C1800695500485329 /* Resources */ = {
			isa = PBXResourcesBuildPhase;
			buildActionMask = 2147483647;
			files = (
				04BD872A1800695500485329 /* InfoPlist.strings in Resources */,
			);
			runOnlyForDeploymentPostprocessing = 0;
		};
/* End PBXResourcesBuildPhase section */

/* Begin PBXSourcesBuildPhase section */
		04BD86F61800695500485329 /* Sources */ = {
			isa = PBXSourcesBuildPhase;
			buildActionMask = 2147483647;
			files = (
				04BD87171800695500485329 /* BJLViewController.m in Sources */,
				04BD873D1800AB8300485329 /* BJLAlbum.m in Sources */,
				04BD870A1800695500485329 /* main.m in Sources */,
				04BD873718007B5100485329 /* BJLAlbumCell.m in Sources */,
				04BD87401800AC0E00485329 /* BJLAlbumStore.m in Sources */,
				04BD870E1800695500485329 /* BJLAppDelegate.m in Sources */,
			);
			runOnlyForDeploymentPostprocessing = 0;
		};
		04BD871A1800695500485329 /* Sources */ = {
			isa = PBXSourcesBuildPhase;
			buildActionMask = 2147483647;
			files = (
				04BD872C1800695500485329 /* BackgroundFetchTests.m in Sources */,
			);
			runOnlyForDeploymentPostprocessing = 0;
		};
/* End PBXSourcesBuildPhase section */

/* Begin PBXTargetDependency section */
		04BD87241800695500485329 /* PBXTargetDependency */ = {
			isa = PBXTargetDependency;
			target = 04BD86F91800695500485329 /* BackgroundFetch */;
			targetProxy = 04BD87231800695500485329 /* PBXContainerItemProxy */;
		};
/* End PBXTargetDependency section */

/* Begin PBXVariantGroup section */
		04BD87061800695500485329 /* InfoPlist.strings */ = {
			isa = PBXVariantGroup;
			children = (
				04BD87071800695500485329 /* en */,
			);
			name = InfoPlist.strings;
			sourceTree = "<group>";
		};
		04BD870F1800695500485329 /* Main_iPhone.storyboard */ = {
			isa = PBXVariantGroup;
			children = (
				04BD87101800695500485329 /* Base */,
			);
			name = Main_iPhone.storyboard;
			sourceTree = "<group>";
		};
		04BD87281800695500485329 /* InfoPlist.strings */ = {
			isa = PBXVariantGroup;
			children = (
				04BD87291800695500485329 /* en */,
			);
			name = InfoPlist.strings;
			sourceTree = "<group>";
		};
/* End PBXVariantGroup section */

/* Begin XCBuildConfiguration section */
		04BD872D1800695500485329 /* Debug */ = {
			isa = XCBuildConfiguration;
			buildSettings = {
				ALWAYS_SEARCH_USER_PATHS = NO;
				ARCHS = "$(ARCHS_STANDARD_INCLUDING_64_BIT)";
				CLANG_CXX_LANGUAGE_STANDARD = "gnu++0x";
				CLANG_CXX_LIBRARY = "libc++";
				CLANG_ENABLE_MODULES = YES;
				CLANG_ENABLE_OBJC_ARC = YES;
				CLANG_WARN_BOOL_CONVERSION = YES;
				CLANG_WARN_CONSTANT_CONVERSION = YES;
				CLANG_WARN_DIRECT_OBJC_ISA_USAGE = YES_ERROR;
				CLANG_WARN_EMPTY_BODY = YES;
				CLANG_WARN_ENUM_CONVERSION = YES;
				CLANG_WARN_INT_CONVERSION = YES;
				CLANG_WARN_OBJC_ROOT_CLASS = YES_ERROR;
				CLANG_WARN__DUPLICATE_METHOD_MATCH = YES;
				"CODE_SIGN_IDENTITY[sdk=iphoneos*]" = "iPhone Developer";
				COPY_PHASE_STRIP = NO;
				GCC_C_LANGUAGE_STANDARD = gnu99;
				GCC_DYNAMIC_NO_PIC = NO;
				GCC_OPTIMIZATION_LEVEL = 0;
				GCC_PREPROCESSOR_DEFINITIONS = (
					"DEBUG=1",
					"$(inherited)",
				);
				GCC_SYMBOLS_PRIVATE_EXTERN = NO;
				GCC_WARN_64_TO_32_BIT_CONVERSION = YES;
				GCC_WARN_ABOUT_RETURN_TYPE = YES_ERROR;
				GCC_WARN_UNDECLARED_SELECTOR = YES;
				GCC_WARN_UNINITIALIZED_AUTOS = YES;
				GCC_WARN_UNUSED_FUNCTION = YES;
				GCC_WARN_UNUSED_VARIABLE = YES;
				IPHONEOS_DEPLOYMENT_TARGET = 7.0;
				ONLY_ACTIVE_ARCH = YES;
				SDKROOT = iphoneos;
				TARGETED_DEVICE_FAMILY = "1,2";
			};
			name = Debug;
		};
		04BD872E1800695500485329 /* Release */ = {
			isa = XCBuildConfiguration;
			buildSettings = {
				ALWAYS_SEARCH_USER_PATHS = NO;
				ARCHS = "$(ARCHS_STANDARD_INCLUDING_64_BIT)";
				CLANG_CXX_LANGUAGE_STANDARD = "gnu++0x";
				CLANG_CXX_LIBRARY = "libc++";
				CLANG_ENABLE_MODULES = YES;
				CLANG_ENABLE_OBJC_ARC = YES;
				CLANG_WARN_BOOL_CONVERSION = YES;
				CLANG_WARN_CONSTANT_CONVERSION = YES;
				CLANG_WARN_DIRECT_OBJC_ISA_USAGE = YES_ERROR;
				CLANG_WARN_EMPTY_BODY = YES;
				CLANG_WARN_ENUM_CONVERSION = YES;
				CLANG_WARN_INT_CONVERSION = YES;
				CLANG_WARN_OBJC_ROOT_CLASS = YES_ERROR;
				CLANG_WARN__DUPLICATE_METHOD_MATCH = YES;
				"CODE_SIGN_IDENTITY[sdk=iphoneos*]" = "iPhone Developer";
				COPY_PHASE_STRIP = YES;
				ENABLE_NS_ASSERTIONS = NO;
				GCC_C_LANGUAGE_STANDARD = gnu99;
				GCC_WARN_64_TO_32_BIT_CONVERSION = YES;
				GCC_WARN_ABOUT_RETURN_TYPE = YES_ERROR;
				GCC_WARN_UNDECLARED_SELECTOR = YES;
				GCC_WARN_UNINITIALIZED_AUTOS = YES;
				GCC_WARN_UNUSED_FUNCTION = YES;
				GCC_WARN_UNUSED_VARIABLE = YES;
				IPHONEOS_DEPLOYMENT_TARGET = 7.0;
				SDKROOT = iphoneos;
				TARGETED_DEVICE_FAMILY = "1,2";
				VALIDATE_PRODUCT = YES;
			};
			name = Release;
		};
		04BD87301800695500485329 /* Debug */ = {
			isa = XCBuildConfiguration;
			buildSettings = {
				ASSETCATALOG_COMPILER_APPICON_NAME = AppIcon;
				ASSETCATALOG_COMPILER_LAUNCHIMAGE_NAME = LaunchImage;
				GCC_PRECOMPILE_PREFIX_HEADER = YES;
				GCC_PREFIX_HEADER = "BackgroundFetch/BackgroundFetch-Prefix.pch";
				INFOPLIST_FILE = "BackgroundFetch/BackgroundFetch-Info.plist";
				PRODUCT_NAME = "$(TARGET_NAME)";
				TARGETED_DEVICE_FAMILY = 1;
				WRAPPER_EXTENSION = app;
			};
			name = Debug;
		};
		04BD87311800695500485329 /* Release */ = {
			isa = XCBuildConfiguration;
			buildSettings = {
				ASSETCATALOG_COMPILER_APPICON_NAME = AppIcon;
				ASSETCATALOG_COMPILER_LAUNCHIMAGE_NAME = LaunchImage;
				GCC_PRECOMPILE_PREFIX_HEADER = YES;
				GCC_PREFIX_HEADER = "BackgroundFetch/BackgroundFetch-Prefix.pch";
				INFOPLIST_FILE = "BackgroundFetch/BackgroundFetch-Info.plist";
				PRODUCT_NAME = "$(TARGET_NAME)";
				TARGETED_DEVICE_FAMILY = 1;
				WRAPPER_EXTENSION = app;
			};
			name = Release;
		};
		04BD87331800695500485329 /* Debug */ = {
			isa = XCBuildConfiguration;
			buildSettings = {
				ARCHS = "$(ARCHS_STANDARD_INCLUDING_64_BIT)";
				BUNDLE_LOADER = "$(BUILT_PRODUCTS_DIR)/BackgroundFetch.app/BackgroundFetch";
				FRAMEWORK_SEARCH_PATHS = (
					"$(SDKROOT)/Developer/Library/Frameworks",
					"$(inherited)",
					"$(DEVELOPER_FRAMEWORKS_DIR)",
				);
				GCC_PRECOMPILE_PREFIX_HEADER = YES;
				GCC_PREFIX_HEADER = "BackgroundFetch/BackgroundFetch-Prefix.pch";
				GCC_PREPROCESSOR_DEFINITIONS = (
					"DEBUG=1",
					"$(inherited)",
				);
				INFOPLIST_FILE = "BackgroundFetchTests/BackgroundFetchTests-Info.plist";
				PRODUCT_NAME = "$(TARGET_NAME)";
				TEST_HOST = "$(BUNDLE_LOADER)";
				WRAPPER_EXTENSION = xctest;
			};
			name = Debug;
		};
		04BD87341800695500485329 /* Release */ = {
			isa = XCBuildConfiguration;
			buildSettings = {
				ARCHS = "$(ARCHS_STANDARD_INCLUDING_64_BIT)";
				BUNDLE_LOADER = "$(BUILT_PRODUCTS_DIR)/BackgroundFetch.app/BackgroundFetch";
				FRAMEWORK_SEARCH_PATHS = (
					"$(SDKROOT)/Developer/Library/Frameworks",
					"$(inherited)",
					"$(DEVELOPER_FRAMEWORKS_DIR)",
				);
				GCC_PRECOMPILE_PREFIX_HEADER = YES;
				GCC_PREFIX_HEADER = "BackgroundFetch/BackgroundFetch-Prefix.pch";
				INFOPLIST_FILE = "BackgroundFetchTests/BackgroundFetchTests-Info.plist";
				PRODUCT_NAME = "$(TARGET_NAME)";
				TEST_HOST = "$(BUNDLE_LOADER)";
				WRAPPER_EXTENSION = xctest;
			};
			name = Release;
		};
/* End XCBuildConfiguration section */

/* Begin XCConfigurationList section */
		04BD86F51800695500485329 /* Build configuration list for PBXProject "BackgroundFetch" */ = {
			isa = XCConfigurationList;
			buildConfigurations = (
				04BD872D1800695500485329 /* Debug */,
				04BD872E1800695500485329 /* Release */,
			);
			defaultConfigurationIsVisible = 0;
			defaultConfigurationName = Release;
		};
		04BD872F1800695500485329 /* Build configuration list for PBXNativeTarget "BackgroundFetch" */ = {
			isa = XCConfigurationList;
			buildConfigurations = (
				04BD87301800695500485329 /* Debug */,
				04BD87311800695500485329 /* Release */,
			);
			defaultConfigurationIsVisible = 0;
			defaultConfigurationName = Release;
		};
		04BD87321800695500485329 /* Build configuration list for PBXNativeTarget "BackgroundFetchTests" */ = {
			isa = XCConfigurationList;
			buildConfigurations = (
				04BD87331800695500485329 /* Debug */,
				04BD87341800695500485329 /* Release */,
			);
			defaultConfigurationIsVisible = 0;
			defaultConfigurationName = Release;
		};
/* End XCConfigurationList section */
	};
	rootObject = 04BD86F21800695500485329 /* Project object */;
}
